
Microsoft Visual Studio Solution File, Format Version 12.00
# Visual Studio Version 17
VisualStudioVersion = 17.8.34511.84
MinimumVisualStudioVersion = 10.0.40219.1
Project("{FAE04EC0-301F-11D3-BF4B-00C04F79EFBC}") = "WindowsFormsApp2", "WindowsFormsApp2.csproj", "{47FDEE9E-4D2E-439D-9035-0315E8B98415}"
EndProject
Global
	GlobalSection(SolutionConfigurationPlatforms) = preSolution
		Debug|Any CPU = Debug|Any CPU
		Release|Any CPU = Release|Any CPU
	EndGlobalSection
	GlobalSection(ProjectConfigurationPlatforms) = postSolution
		{47FDEE9E-4D2E-439D-9035-0315E8B98415}.Debug|Any CPU.ActiveCfg = Debug|Any CPU
		{47FDEE9E-4D2E-439D-9035-0315E8B98415}.Debug|Any CPU.Build.0 = Debug|Any CPU
		{47FDEE9E-4D2E-439D-9035-0315E8B98415}.Release|Any CPU.ActiveCfg = Release|Any CPU
		{47FDEE9E-4D2E-439D-9035-0315E8B98415}.Release|Any CPU.Build.0 = Release|Any CPU
	EndGlobalSection
	GlobalSection(SolutionProperties) = preSolution
		HideSolutionNode = FALSE
	EndGlobalSection
	GlobalSection(ExtensibilityGlobals) = postSolution
		SolutionGuid = {88BAF65A-CF84-41C8-9AC6-0C4034C263B6}
	EndGlobalSection
EndGlobal
